// !$*UTF8*$!
{
	archiveVersion = 1;
	classes = {
	};
	objectVersion = 52;
	objects = {

/* Begin PBXBuildFile section */
		8711C71429D131A200F6D5CC /* Alamofire in Frameworks */ = {isa = PBXBuildFile; productRef = 8711C71329D131A200F6D5CC /* Alamofire */; };
		87295C942A0386B30067392D /* ScansButton.swift in Sources */ = {isa = PBXBuildFile; fileRef = 87295C932A0386B30067392D /* ScansButton.swift */; };
		87295C962A038BAD0067392D /* SceneDelegate.swift in Sources */ = {isa = PBXBuildFile; fileRef = 87295C952A038BAD0067392D /* SceneDelegate.swift */; };
		87295C992A038DD50067392D /* ScansVC.swift in Sources */ = {isa = PBXBuildFile; fileRef = 87295C982A038DD50067392D /* ScansVC.swift */; };
		87295C9C2A03AA550067392D /* ReloadButton.swift in Sources */ = {isa = PBXBuildFile; fileRef = 87295C9B2A03AA550067392D /* ReloadButton.swift */; };
		87295C9E2A03ACF40067392D /* ScansVM.swift in Sources */ = {isa = PBXBuildFile; fileRef = 87295C9D2A03ACF40067392D /* ScansVM.swift */; };
		87295CA02A03AE8A0067392D /* LidarInfo.swift in Sources */ = {isa = PBXBuildFile; fileRef = 87295C9F2A03AE8A0067392D /* LidarInfo.swift */; };
		87295CA42A03BC160067392D /* LidarRepositoryInterface.swift in Sources */ = {isa = PBXBuildFile; fileRef = 87295CA32A03BC160067392D /* LidarRepositoryInterface.swift */; };
		87295CA62A03C65E0067392D /* LidarRepository.swift in Sources */ = {isa = PBXBuildFile; fileRef = 87295CA52A03C65E0067392D /* LidarRepository.swift */; };
		87295CAA2A03D5CD0067392D /* LidarInfoCollectionViewCell.swift in Sources */ = {isa = PBXBuildFile; fileRef = 87295CA92A03D5CD0067392D /* LidarInfoCollectionViewCell.swift */; };
		87295CAC2A060D520067392D /* LidarInfoDTO.swift in Sources */ = {isa = PBXBuildFile; fileRef = 87295CAB2A060D520067392D /* LidarInfoDTO.swift */; };
		872C7A9E29F1332B002D91D2 /* LocationUsecase.swift in Sources */ = {isa = PBXBuildFile; fileRef = 872C7A9D29F1332B002D91D2 /* LocationUsecase.swift */; };
		8749E16A29EEE2940093F7A7 /* PointCloudCountView.swift in Sources */ = {isa = PBXBuildFile; fileRef = 8749E16929EEE2940093F7A7 /* PointCloudCountView.swift */; };
		87673BD429F80E0500BD3DC3 /* IndoorSettingView.swift in Sources */ = {isa = PBXBuildFile; fileRef = 87673BD329F80E0500BD3DC3 /* IndoorSettingView.swift */; };
		87673BD629F8BC8700BD3DC3 /* SettedInfoView.swift in Sources */ = {isa = PBXBuildFile; fileRef = 87673BD529F8BC8700BD3DC3 /* SettedInfoView.swift */; };
		87673BD829F8EC4800BD3DC3 /* IndoorData.swift in Sources */ = {isa = PBXBuildFile; fileRef = 87673BD729F8EC4800BD3DC3 /* IndoorData.swift */; };
		877F533B29F62E2300A0F931 /* BackButton.swift in Sources */ = {isa = PBXBuildFile; fileRef = 877F533A29F62E2300A0F931 /* BackButton.swift */; };
		877F533D29F6328D00A0F931 /* BuildingNearByGpsDTO.swift in Sources */ = {isa = PBXBuildFile; fileRef = 877F533C29F6328D00A0F931 /* BuildingNearByGpsDTO.swift */; };
		877F533F29F63E1F00A0F931 /* BuildingInfo.swift in Sources */ = {isa = PBXBuildFile; fileRef = 877F533E29F63E1F00A0F931 /* BuildingInfo.swift */; };
		877F534129F6400900A0F931 /* BuildingApiService.swift in Sources */ = {isa = PBXBuildFile; fileRef = 877F534029F6400900A0F931 /* BuildingApiService.swift */; };
		877F534329F642EC00A0F931 /* BuildingRepositoryInterface.swift in Sources */ = {isa = PBXBuildFile; fileRef = 877F534229F642EC00A0F931 /* BuildingRepositoryInterface.swift */; };
		877F534529F643B600A0F931 /* BuildingRepository.swift in Sources */ = {isa = PBXBuildFile; fileRef = 877F534429F643B600A0F931 /* BuildingRepository.swift */; };
		877F534929F666AF00A0F931 /* BuildingListCollectionViewCell.swift in Sources */ = {isa = PBXBuildFile; fileRef = 877F534829F666AF00A0F931 /* BuildingListCollectionViewCell.swift */; };
		877F534B29F69D1600A0F931 /* UIView+Extension.swift in Sources */ = {isa = PBXBuildFile; fileRef = 877F534A29F69D1600A0F931 /* UIView+Extension.swift */; };
		877F534D29F7C46600A0F931 /* Collection+Extension.swift in Sources */ = {isa = PBXBuildFile; fileRef = 877F534C29F7C46600A0F931 /* Collection+Extension.swift */; };
		8793524F29B9D8F200D6A079 /* Utils.swift in Sources */ = {isa = PBXBuildFile; fileRef = 8793524E29B9D8F200D6A079 /* Utils.swift */; };
		87ABC85B29D175A700881FFB /* Network.swift in Sources */ = {isa = PBXBuildFile; fileRef = 87ABC85A29D175A700881FFB /* Network.swift */; };
		87ABC85D29D176C700881FFB /* NetworkResult.swift in Sources */ = {isa = PBXBuildFile; fileRef = 87ABC85C29D176C700881FFB /* NetworkResult.swift */; };
		87ABC85F29D176F700881FFB /* NetworkStatus.swift in Sources */ = {isa = PBXBuildFile; fileRef = 87ABC85E29D176F700881FFB /* NetworkStatus.swift */; };
		87ABC86229D178BD00881FFB /* LidarApiService.swift in Sources */ = {isa = PBXBuildFile; fileRef = 87ABC86129D178BD00881FFB /* LidarApiService.swift */; };
		87ABC86429D1924900881FFB /* NetworkURL.swift in Sources */ = {isa = PBXBuildFile; fileRef = 87ABC86329D1924900881FFB /* NetworkURL.swift */; };
		87ABC86729D1946400881FFB /* UIViewController+Extension.swift in Sources */ = {isa = PBXBuildFile; fileRef = 87ABC86629D1946400881FFB /* UIViewController+Extension.swift */; };
		87ABC86C29D290E900881FFB /* RecordingButton.swift in Sources */ = {isa = PBXBuildFile; fileRef = 87ABC86B29D290E900881FFB /* RecordingButton.swift */; };
		87ABC86E29D3041100881FFB /* StatusIndicatorLabel.swift in Sources */ = {isa = PBXBuildFile; fileRef = 87ABC86D29D3041100881FFB /* StatusIndicatorLabel.swift */; };
		87AE167829F124EF00B101A6 /* LocationData.swift in Sources */ = {isa = PBXBuildFile; fileRef = 87AE167729F124EF00B101A6 /* LocationData.swift */; };
		87C8FAF929F171D1000C37CE /* SelectLocationVC.swift in Sources */ = {isa = PBXBuildFile; fileRef = 87C8FAF829F171D1000C37CE /* SelectLocationVC.swift */; };
		87C8FAFB29F1867E000C37CE /* SelectLocationVM.swift in Sources */ = {isa = PBXBuildFile; fileRef = 87C8FAFA29F1867E000C37CE /* SelectLocationVM.swift */; };
		87C8FAFE29F18DB3000C37CE /* SelectLocationTitleLabel.swift in Sources */ = {isa = PBXBuildFile; fileRef = 87C8FAFD29F18DB3000C37CE /* SelectLocationTitleLabel.swift */; };
		87C8FB0029F1911B000C37CE /* CancelButton.swift in Sources */ = {isa = PBXBuildFile; fileRef = 87C8FAFF29F1911B000C37CE /* CancelButton.swift */; };
		87C8FB0329F1933B000C37CE /* SelectLocationDelegate.swift in Sources */ = {isa = PBXBuildFile; fileRef = 87C8FB0229F1933B000C37CE /* SelectLocationDelegate.swift */; };
		87C8FB0529F22E1B000C37CE /* RoadAddressLabel.swift in Sources */ = {isa = PBXBuildFile; fileRef = 87C8FB0429F22E1B000C37CE /* RoadAddressLabel.swift */; };
		87C8FB0A29F23717000C37CE /* AddressRepository.swift in Sources */ = {isa = PBXBuildFile; fileRef = 87C8FB0929F23717000C37CE /* AddressRepository.swift */; };
		87C8FB0D29F2382C000C37CE /* AddressRepositoryInterface.swift in Sources */ = {isa = PBXBuildFile; fileRef = 87C8FB0C29F2382C000C37CE /* AddressRepositoryInterface.swift */; };
		87C8FB0F29F238DA000C37CE /* AddressApiService.swift in Sources */ = {isa = PBXBuildFile; fileRef = 87C8FB0E29F238DA000C37CE /* AddressApiService.swift */; };
		87C8FB1129F23ADE000C37CE /* AddressFromGpsDTO.swift in Sources */ = {isa = PBXBuildFile; fileRef = 87C8FB1029F23ADE000C37CE /* AddressFromGpsDTO.swift */; };
		87C8FB1329F24EDF000C37CE /* FetchError.swift in Sources */ = {isa = PBXBuildFile; fileRef = 87C8FB1229F24EDF000C37CE /* FetchError.swift */; };
		87C8FB1529F263C8000C37CE /* NetworkInterceptor.swift in Sources */ = {isa = PBXBuildFile; fileRef = 87C8FB1429F263C8000C37CE /* NetworkInterceptor.swift */; };
		87C8FB1729F28F8A000C37CE /* SelectLocationLargeButton.swift in Sources */ = {isa = PBXBuildFile; fileRef = 87C8FB1629F28F8A000C37CE /* SelectLocationLargeButton.swift */; };
		87FDBC1B29EE270A00D90D02 /* MainVM.swift in Sources */ = {isa = PBXBuildFile; fileRef = 87FDBC1A29EE270A00D90D02 /* MainVM.swift */; };
		87FDBC1E29EEA53C00D90D02 /* LiDARData.swift in Sources */ = {isa = PBXBuildFile; fileRef = 87FDBC1D29EEA53C00D90D02 /* LiDARData.swift */; };
		E73DD13124636FEF00D77039 /* AppDelegate.swift in Sources */ = {isa = PBXBuildFile; fileRef = E73DD13024636FEF00D77039 /* AppDelegate.swift */; };
		E73DD13324636FEF00D77039 /* Shaders.metal in Sources */ = {isa = PBXBuildFile; fileRef = E73DD13224636FEF00D77039 /* Shaders.metal */; };
		E73DD13624636FEF00D77039 /* Renderer.swift in Sources */ = {isa = PBXBuildFile; fileRef = E73DD13524636FEF00D77039 /* Renderer.swift */; };
		E73DD13824636FEF00D77039 /* MainVC.swift in Sources */ = {isa = PBXBuildFile; fileRef = E73DD13724636FEF00D77039 /* MainVC.swift */; };
		E73DD13B24636FEF00D77039 /* Main.storyboard in Resources */ = {isa = PBXBuildFile; fileRef = E73DD13924636FEF00D77039 /* Main.storyboard */; };
		E73DD13D24636FF100D77039 /* Assets.xcassets in Resources */ = {isa = PBXBuildFile; fileRef = E73DD13C24636FF100D77039 /* Assets.xcassets */; };
		E73DD14024636FF100D77039 /* LaunchScreen.storyboard in Resources */ = {isa = PBXBuildFile; fileRef = E73DD13E24636FF100D77039 /* LaunchScreen.storyboard */; };
		E7B7223B24807ACA002E43E8 /* MetalBuffer.swift in Sources */ = {isa = PBXBuildFile; fileRef = E7B7223A24807ACA002E43E8 /* MetalBuffer.swift */; };
		E7B7223D24809D1E002E43E8 /* Helpers.swift in Sources */ = {isa = PBXBuildFile; fileRef = E7B7223C24809D1E002E43E8 /* Helpers.swift */; };
/* End PBXBuildFile section */

/* Begin PBXFileReference section */
		87295C932A0386B30067392D /* ScansButton.swift */ = {isa = PBXFileReference; lastKnownFileType = sourcecode.swift; path = ScansButton.swift; sourceTree = "<group>"; };
		87295C952A038BAD0067392D /* SceneDelegate.swift */ = {isa = PBXFileReference; lastKnownFileType = sourcecode.swift; path = SceneDelegate.swift; sourceTree = "<group>"; };
		87295C982A038DD50067392D /* ScansVC.swift */ = {isa = PBXFileReference; lastKnownFileType = sourcecode.swift; path = ScansVC.swift; sourceTree = "<group>"; };
		87295C9B2A03AA550067392D /* ReloadButton.swift */ = {isa = PBXFileReference; lastKnownFileType = sourcecode.swift; path = ReloadButton.swift; sourceTree = "<group>"; };
		87295C9D2A03ACF40067392D /* ScansVM.swift */ = {isa = PBXFileReference; lastKnownFileType = sourcecode.swift; path = ScansVM.swift; sourceTree = "<group>"; };
		87295C9F2A03AE8A0067392D /* LidarInfo.swift */ = {isa = PBXFileReference; lastKnownFileType = sourcecode.swift; path = LidarInfo.swift; sourceTree = "<group>"; };
		87295CA32A03BC160067392D /* LidarRepositoryInterface.swift */ = {isa = PBXFileReference; lastKnownFileType = sourcecode.swift; path = LidarRepositoryInterface.swift; sourceTree = "<group>"; };
		87295CA52A03C65E0067392D /* LidarRepository.swift */ = {isa = PBXFileReference; lastKnownFileType = sourcecode.swift; path = LidarRepository.swift; sourceTree = "<group>"; };
		87295CA92A03D5CD0067392D /* LidarInfoCollectionViewCell.swift */ = {isa = PBXFileReference; lastKnownFileType = sourcecode.swift; path = LidarInfoCollectionViewCell.swift; sourceTree = "<group>"; };
		87295CAB2A060D520067392D /* LidarInfoDTO.swift */ = {isa = PBXFileReference; lastKnownFileType = sourcecode.swift; path = LidarInfoDTO.swift; sourceTree = "<group>"; };
		872C7A9D29F1332B002D91D2 /* LocationUsecase.swift */ = {isa = PBXFileReference; lastKnownFileType = sourcecode.swift; path = LocationUsecase.swift; sourceTree = "<group>"; };
		8749E16929EEE2940093F7A7 /* PointCloudCountView.swift */ = {isa = PBXFileReference; lastKnownFileType = sourcecode.swift; path = PointCloudCountView.swift; sourceTree = "<group>"; };
		87673BD329F80E0500BD3DC3 /* IndoorSettingView.swift */ = {isa = PBXFileReference; lastKnownFileType = sourcecode.swift; path = IndoorSettingView.swift; sourceTree = "<group>"; };
		87673BD529F8BC8700BD3DC3 /* SettedInfoView.swift */ = {isa = PBXFileReference; lastKnownFileType = sourcecode.swift; path = SettedInfoView.swift; sourceTree = "<group>"; };
		87673BD729F8EC4800BD3DC3 /* IndoorData.swift */ = {isa = PBXFileReference; lastKnownFileType = sourcecode.swift; path = IndoorData.swift; sourceTree = "<group>"; };
		877F533A29F62E2300A0F931 /* BackButton.swift */ = {isa = PBXFileReference; lastKnownFileType = sourcecode.swift; path = BackButton.swift; sourceTree = "<group>"; };
		877F533C29F6328D00A0F931 /* BuildingNearByGpsDTO.swift */ = {isa = PBXFileReference; lastKnownFileType = sourcecode.swift; path = BuildingNearByGpsDTO.swift; sourceTree = "<group>"; };
		877F533E29F63E1F00A0F931 /* BuildingInfo.swift */ = {isa = PBXFileReference; lastKnownFileType = sourcecode.swift; path = BuildingInfo.swift; sourceTree = "<group>"; };
		877F534029F6400900A0F931 /* BuildingApiService.swift */ = {isa = PBXFileReference; lastKnownFileType = sourcecode.swift; path = BuildingApiService.swift; sourceTree = "<group>"; };
		877F534229F642EC00A0F931 /* BuildingRepositoryInterface.swift */ = {isa = PBXFileReference; lastKnownFileType = sourcecode.swift; path = BuildingRepositoryInterface.swift; sourceTree = "<group>"; };
		877F534429F643B600A0F931 /* BuildingRepository.swift */ = {isa = PBXFileReference; lastKnownFileType = sourcecode.swift; path = BuildingRepository.swift; sourceTree = "<group>"; };
		877F534829F666AF00A0F931 /* BuildingListCollectionViewCell.swift */ = {isa = PBXFileReference; lastKnownFileType = sourcecode.swift; path = BuildingListCollectionViewCell.swift; sourceTree = "<group>"; };
		877F534A29F69D1600A0F931 /* UIView+Extension.swift */ = {isa = PBXFileReference; lastKnownFileType = sourcecode.swift; path = "UIView+Extension.swift"; sourceTree = "<group>"; };
		877F534C29F7C46600A0F931 /* Collection+Extension.swift */ = {isa = PBXFileReference; lastKnownFileType = sourcecode.swift; path = "Collection+Extension.swift"; sourceTree = "<group>"; };
		8793524E29B9D8F200D6A079 /* Utils.swift */ = {isa = PBXFileReference; lastKnownFileType = sourcecode.swift; path = Utils.swift; sourceTree = "<group>"; };
		87ABC85929D173BC00881FFB /* env.xcconfig */ = {isa = PBXFileReference; lastKnownFileType = text.xcconfig; path = env.xcconfig; sourceTree = "<group>"; };
		87ABC85A29D175A700881FFB /* Network.swift */ = {isa = PBXFileReference; lastKnownFileType = sourcecode.swift; path = Network.swift; sourceTree = "<group>"; };
		87ABC85C29D176C700881FFB /* NetworkResult.swift */ = {isa = PBXFileReference; lastKnownFileType = sourcecode.swift; path = NetworkResult.swift; sourceTree = "<group>"; };
		87ABC85E29D176F700881FFB /* NetworkStatus.swift */ = {isa = PBXFileReference; lastKnownFileType = sourcecode.swift; path = NetworkStatus.swift; sourceTree = "<group>"; };
		87ABC86129D178BD00881FFB /* LidarApiService.swift */ = {isa = PBXFileReference; lastKnownFileType = sourcecode.swift; path = LidarApiService.swift; sourceTree = "<group>"; };
		87ABC86329D1924900881FFB /* NetworkURL.swift */ = {isa = PBXFileReference; lastKnownFileType = sourcecode.swift; path = NetworkURL.swift; sourceTree = "<group>"; };
		87ABC86629D1946400881FFB /* UIViewController+Extension.swift */ = {isa = PBXFileReference; lastKnownFileType = sourcecode.swift; path = "UIViewController+Extension.swift"; sourceTree = "<group>"; };
		87ABC86B29D290E900881FFB /* RecordingButton.swift */ = {isa = PBXFileReference; lastKnownFileType = sourcecode.swift; path = RecordingButton.swift; sourceTree = "<group>"; };
		87ABC86D29D3041100881FFB /* StatusIndicatorLabel.swift */ = {isa = PBXFileReference; lastKnownFileType = sourcecode.swift; path = StatusIndicatorLabel.swift; sourceTree = "<group>"; };
		87AE167729F124EF00B101A6 /* LocationData.swift */ = {isa = PBXFileReference; lastKnownFileType = sourcecode.swift; path = LocationData.swift; sourceTree = "<group>"; };
		87C8FAF829F171D1000C37CE /* SelectLocationVC.swift */ = {isa = PBXFileReference; lastKnownFileType = sourcecode.swift; path = SelectLocationVC.swift; sourceTree = "<group>"; };
		87C8FAFA29F1867E000C37CE /* SelectLocationVM.swift */ = {isa = PBXFileReference; lastKnownFileType = sourcecode.swift; path = SelectLocationVM.swift; sourceTree = "<group>"; };
		87C8FAFD29F18DB3000C37CE /* SelectLocationTitleLabel.swift */ = {isa = PBXFileReference; lastKnownFileType = sourcecode.swift; path = SelectLocationTitleLabel.swift; sourceTree = "<group>"; };
		87C8FAFF29F1911B000C37CE /* CancelButton.swift */ = {isa = PBXFileReference; lastKnownFileType = sourcecode.swift; path = CancelButton.swift; sourceTree = "<group>"; };
		87C8FB0229F1933B000C37CE /* SelectLocationDelegate.swift */ = {isa = PBXFileReference; lastKnownFileType = sourcecode.swift; path = SelectLocationDelegate.swift; sourceTree = "<group>"; };
		87C8FB0429F22E1B000C37CE /* RoadAddressLabel.swift */ = {isa = PBXFileReference; lastKnownFileType = sourcecode.swift; path = RoadAddressLabel.swift; sourceTree = "<group>"; };
		87C8FB0929F23717000C37CE /* AddressRepository.swift */ = {isa = PBXFileReference; lastKnownFileType = sourcecode.swift; path = AddressRepository.swift; sourceTree = "<group>"; };
		87C8FB0C29F2382C000C37CE /* AddressRepositoryInterface.swift */ = {isa = PBXFileReference; lastKnownFileType = sourcecode.swift; path = AddressRepositoryInterface.swift; sourceTree = "<group>"; };
		87C8FB0E29F238DA000C37CE /* AddressApiService.swift */ = {isa = PBXFileReference; lastKnownFileType = sourcecode.swift; path = AddressApiService.swift; sourceTree = "<group>"; };
		87C8FB1029F23ADE000C37CE /* AddressFromGpsDTO.swift */ = {isa = PBXFileReference; lastKnownFileType = sourcecode.swift; path = AddressFromGpsDTO.swift; sourceTree = "<group>"; };
		87C8FB1229F24EDF000C37CE /* FetchError.swift */ = {isa = PBXFileReference; lastKnownFileType = sourcecode.swift; path = FetchError.swift; sourceTree = "<group>"; };
		87C8FB1429F263C8000C37CE /* NetworkInterceptor.swift */ = {isa = PBXFileReference; lastKnownFileType = sourcecode.swift; path = NetworkInterceptor.swift; sourceTree = "<group>"; };
		87C8FB1629F28F8A000C37CE /* SelectLocationLargeButton.swift */ = {isa = PBXFileReference; lastKnownFileType = sourcecode.swift; path = SelectLocationLargeButton.swift; sourceTree = "<group>"; };
		87FDBC1A29EE270A00D90D02 /* MainVM.swift */ = {isa = PBXFileReference; lastKnownFileType = sourcecode.swift; path = MainVM.swift; sourceTree = "<group>"; };
		87FDBC1D29EEA53C00D90D02 /* LiDARData.swift */ = {isa = PBXFileReference; lastKnownFileType = sourcecode.swift; path = LiDARData.swift; sourceTree = "<group>"; };
		B57D60B9736905755DECF7CE /* README.md */ = {isa = PBXFileReference; lastKnownFileType = net.daringfireball.markdown; path = README.md; sourceTree = "<group>"; };
		E73DD12D24636FEF00D77039 /* Point Cloud.app */ = {isa = PBXFileReference; explicitFileType = wrapper.application; includeInIndex = 0; path = "Point Cloud.app"; sourceTree = BUILT_PRODUCTS_DIR; };
		E73DD13024636FEF00D77039 /* AppDelegate.swift */ = {isa = PBXFileReference; lastKnownFileType = sourcecode.swift; path = AppDelegate.swift; sourceTree = "<group>"; };
		E73DD13224636FEF00D77039 /* Shaders.metal */ = {isa = PBXFileReference; lastKnownFileType = sourcecode.metal; path = Shaders.metal; sourceTree = "<group>"; };
		E73DD13424636FEF00D77039 /* ShaderTypes.h */ = {isa = PBXFileReference; lastKnownFileType = sourcecode.c.h; path = ShaderTypes.h; sourceTree = "<group>"; };
		E73DD13524636FEF00D77039 /* Renderer.swift */ = {isa = PBXFileReference; lastKnownFileType = sourcecode.swift; path = Renderer.swift; sourceTree = "<group>"; };
		E73DD13724636FEF00D77039 /* MainVC.swift */ = {isa = PBXFileReference; lastKnownFileType = sourcecode.swift; path = MainVC.swift; sourceTree = "<group>"; };
		E73DD13A24636FEF00D77039 /* Base */ = {isa = PBXFileReference; lastKnownFileType = file.storyboard; name = Base; path = Base.lproj/Main.storyboard; sourceTree = "<group>"; };
		E73DD13C24636FF100D77039 /* Assets.xcassets */ = {isa = PBXFileReference; lastKnownFileType = folder.assetcatalog; path = Assets.xcassets; sourceTree = "<group>"; };
		E73DD13F24636FF100D77039 /* Base */ = {isa = PBXFileReference; lastKnownFileType = file.storyboard; name = Base; path = Base.lproj/LaunchScreen.storyboard; sourceTree = "<group>"; };
		E73DD14124636FF100D77039 /* Info.plist */ = {isa = PBXFileReference; lastKnownFileType = text.plist.xml; path = Info.plist; sourceTree = "<group>"; };
		E73DD14224636FF100D77039 /* SceneDepthPointCloud-Bridging-Header.h */ = {isa = PBXFileReference; lastKnownFileType = sourcecode.c.h; path = "SceneDepthPointCloud-Bridging-Header.h"; sourceTree = "<group>"; };
		E7B7223A24807ACA002E43E8 /* MetalBuffer.swift */ = {isa = PBXFileReference; fileEncoding = 4; lastKnownFileType = sourcecode.swift; path = MetalBuffer.swift; sourceTree = "<group>"; };
		E7B7223C24809D1E002E43E8 /* Helpers.swift */ = {isa = PBXFileReference; lastKnownFileType = sourcecode.swift; path = Helpers.swift; sourceTree = "<group>"; };
		E7E2ED6F1473F1FD1E9543FA /* LICENSE.txt */ = {isa = PBXFileReference; includeInIndex = 1; lastKnownFileType = text; path = LICENSE.txt; sourceTree = "<group>"; };
/* End PBXFileReference section */

/* Begin PBXFrameworksBuildPhase section */
		E73DD12A24636FEF00D77039 /* Frameworks */ = {
			isa = PBXFrameworksBuildPhase;
			buildActionMask = 2147483647;
			files = (
				8711C71429D131A200F6D5CC /* Alamofire in Frameworks */,
			);
			runOnlyForDeploymentPostprocessing = 0;
		};
/* End PBXFrameworksBuildPhase section */

/* Begin PBXGroup section */
		8711C71529D1322A00F6D5CC /* Presentation */ = {
			isa = PBXGroup;
			children = (
				87295CA12A03BB6D0067392D /* Interface */,
				87ABC86529D1945200881FFB /* Extension */,
				87ABC86829D2805300881FFB /* Main */,
				87C8FAF729F171BB000C37CE /* SelectLocation */,
				87295C972A038DBB0067392D /* Scans */,
			);
			path = Presentation;
			sourceTree = "<group>";
		};
		8711C71629D1323800F6D5CC /* Domain */ = {
			isa = PBXGroup;
			children = (
				872C7A9D29F1332B002D91D2 /* LocationUsecase.swift */,
				E73DD13524636FEF00D77039 /* Renderer.swift */,
				8793524E29B9D8F200D6A079 /* Utils.swift */,
				E7B7223C24809D1E002E43E8 /* Helpers.swift */,
				87FDBC1C29EEA52100D90D02 /* Entity */,
				8711C71829D1329C00F6D5CC /* Metal */,
			);
			path = Domain;
			sourceTree = "<group>";
		};
		8711C71729D1324000F6D5CC /* Data */ = {
			isa = PBXGroup;
			children = (
				87C8FB0829F236EE000C37CE /* Repository */,
				87ABC86F29D30D7600881FFB /* DTO */,
				87ABC86029D178AB00881FFB /* ApiService */,
				8711C71A29D132FF00F6D5CC /* Network */,
			);
			path = Data;
			sourceTree = "<group>";
		};
		8711C71829D1329C00F6D5CC /* Metal */ = {
			isa = PBXGroup;
			children = (
				E73DD13424636FEF00D77039 /* ShaderTypes.h */,
				E73DD13224636FEF00D77039 /* Shaders.metal */,
				E7B7223A24807ACA002E43E8 /* MetalBuffer.swift */,
			);
			path = Metal;
			sourceTree = "<group>";
		};
		8711C71A29D132FF00F6D5CC /* Network */ = {
			isa = PBXGroup;
			children = (
				87ABC85A29D175A700881FFB /* Network.swift */,
				87ABC85C29D176C700881FFB /* NetworkResult.swift */,
				87ABC85E29D176F700881FFB /* NetworkStatus.swift */,
				87ABC86329D1924900881FFB /* NetworkURL.swift */,
				87C8FB1429F263C8000C37CE /* NetworkInterceptor.swift */,
			);
			path = Network;
			sourceTree = "<group>";
		};
		87295C972A038DBB0067392D /* Scans */ = {
			isa = PBXGroup;
			children = (
				87295C982A038DD50067392D /* ScansVC.swift */,
				87295C9D2A03ACF40067392D /* ScansVM.swift */,
				87295C9A2A03AA420067392D /* View */,
			);
			path = Scans;
			sourceTree = "<group>";
		};
		87295C9A2A03AA420067392D /* View */ = {
			isa = PBXGroup;
			children = (
				87295C9B2A03AA550067392D /* ReloadButton.swift */,
				87295CA92A03D5CD0067392D /* LidarInfoCollectionViewCell.swift */,
			);
			path = View;
			sourceTree = "<group>";
		};
		87295CA12A03BB6D0067392D /* Interface */ = {
			isa = PBXGroup;
			children = (
				87C8FB0C29F2382C000C37CE /* AddressRepositoryInterface.swift */,
				877F534229F642EC00A0F931 /* BuildingRepositoryInterface.swift */,
				87295CA32A03BC160067392D /* LidarRepositoryInterface.swift */,
			);
			path = Interface;
			sourceTree = "<group>";
		};
		87295CA22A03BBE50067392D /* Delegate */ = {
			isa = PBXGroup;
			children = (
				87C8FB0229F1933B000C37CE /* SelectLocationDelegate.swift */,
			);
			path = Delegate;
			sourceTree = "<group>";
		};
		8749E16829EEE2720093F7A7 /* View */ = {
			isa = PBXGroup;
			children = (
				87ABC86B29D290E900881FFB /* RecordingButton.swift */,
				87ABC86D29D3041100881FFB /* StatusIndicatorLabel.swift */,
				8749E16929EEE2940093F7A7 /* PointCloudCountView.swift */,
				87295C932A0386B30067392D /* ScansButton.swift */,
			);
			path = View;
			sourceTree = "<group>";
		};
		87ABC85829D173AC00881FFB /* Configuration */ = {
			isa = PBXGroup;
			children = (
				E73DD14224636FF100D77039 /* SceneDepthPointCloud-Bridging-Header.h */,
				87ABC85929D173BC00881FFB /* env.xcconfig */,
				E7E2ED6F1473F1FD1E9543FA /* LICENSE.txt */,
			);
			path = Configuration;
			sourceTree = "<group>";
		};
		87ABC86029D178AB00881FFB /* ApiService */ = {
			isa = PBXGroup;
			children = (
				87ABC86129D178BD00881FFB /* LidarApiService.swift */,
				87C8FB0E29F238DA000C37CE /* AddressApiService.swift */,
				877F534029F6400900A0F931 /* BuildingApiService.swift */,
			);
			path = ApiService;
			sourceTree = "<group>";
		};
		87ABC86529D1945200881FFB /* Extension */ = {
			isa = PBXGroup;
			children = (
				87ABC86629D1946400881FFB /* UIViewController+Extension.swift */,
				877F534A29F69D1600A0F931 /* UIView+Extension.swift */,
				877F534C29F7C46600A0F931 /* Collection+Extension.swift */,
			);
			path = Extension;
			sourceTree = "<group>";
		};
		87ABC86829D2805300881FFB /* Main */ = {
			isa = PBXGroup;
			children = (
				E73DD13724636FEF00D77039 /* MainVC.swift */,
				87FDBC1A29EE270A00D90D02 /* MainVM.swift */,
				8749E16829EEE2720093F7A7 /* View */,
				87295CA22A03BBE50067392D /* Delegate */,
			);
			path = Main;
			sourceTree = "<group>";
		};
		87ABC86F29D30D7600881FFB /* DTO */ = {
			isa = PBXGroup;
			children = (
				87C8FB1029F23ADE000C37CE /* AddressFromGpsDTO.swift */,
				877F533C29F6328D00A0F931 /* BuildingNearByGpsDTO.swift */,
				87295CAB2A060D520067392D /* LidarInfoDTO.swift */,
			);
			path = DTO;
			sourceTree = "<group>";
		};
		87C8FAF729F171BB000C37CE /* SelectLocation */ = {
			isa = PBXGroup;
			children = (
				87C8FAF829F171D1000C37CE /* SelectLocationVC.swift */,
				87C8FAFA29F1867E000C37CE /* SelectLocationVM.swift */,
				87C8FAFC29F18DA2000C37CE /* View */,
			);
			path = SelectLocation;
			sourceTree = "<group>";
		};
		87C8FAFC29F18DA2000C37CE /* View */ = {
			isa = PBXGroup;
			children = (
				87C8FAFD29F18DB3000C37CE /* SelectLocationTitleLabel.swift */,
				87C8FAFF29F1911B000C37CE /* CancelButton.swift */,
				87C8FB0429F22E1B000C37CE /* RoadAddressLabel.swift */,
				87C8FB1629F28F8A000C37CE /* SelectLocationLargeButton.swift */,
				877F533A29F62E2300A0F931 /* BackButton.swift */,
				877F534829F666AF00A0F931 /* BuildingListCollectionViewCell.swift */,
				87673BD329F80E0500BD3DC3 /* IndoorSettingView.swift */,
				87673BD529F8BC8700BD3DC3 /* SettedInfoView.swift */,
			);
			path = View;
			sourceTree = "<group>";
		};
		87C8FB0829F236EE000C37CE /* Repository */ = {
			isa = PBXGroup;
			children = (
				87C8FB0929F23717000C37CE /* AddressRepository.swift */,
				877F534429F643B600A0F931 /* BuildingRepository.swift */,
				87295CA52A03C65E0067392D /* LidarRepository.swift */,
			);
			path = Repository;
			sourceTree = "<group>";
		};
		87FDBC1C29EEA52100D90D02 /* Entity */ = {
			isa = PBXGroup;
			children = (
				87FDBC1D29EEA53C00D90D02 /* LiDARData.swift */,
				87AE167729F124EF00B101A6 /* LocationData.swift */,
				87C8FB1229F24EDF000C37CE /* FetchError.swift */,
				877F533E29F63E1F00A0F931 /* BuildingInfo.swift */,
				87673BD729F8EC4800BD3DC3 /* IndoorData.swift */,
				87295C9F2A03AE8A0067392D /* LidarInfo.swift */,
			);
			path = Entity;
			sourceTree = "<group>";
		};
		E73DD12424636FEF00D77039 = {
			isa = PBXGroup;
			children = (
				B57D60B9736905755DECF7CE /* README.md */,
				E73DD12F24636FEF00D77039 /* SceneDepthPointCloud */,
				E73DD12E24636FEF00D77039 /* Products */,
			);
			sourceTree = "<group>";
		};
		E73DD12E24636FEF00D77039 /* Products */ = {
			isa = PBXGroup;
			children = (
				E73DD12D24636FEF00D77039 /* Point Cloud.app */,
			);
			name = Products;
			sourceTree = "<group>";
		};
		E73DD12F24636FEF00D77039 /* SceneDepthPointCloud */ = {
			isa = PBXGroup;
			children = (
				87ABC85829D173AC00881FFB /* Configuration */,
				8711C71529D1322A00F6D5CC /* Presentation */,
				8711C71629D1323800F6D5CC /* Domain */,
				8711C71729D1324000F6D5CC /* Data */,
				E73DD13924636FEF00D77039 /* Main.storyboard */,
				E73DD13E24636FF100D77039 /* LaunchScreen.storyboard */,
				E73DD13024636FEF00D77039 /* AppDelegate.swift */,
				87295C952A038BAD0067392D /* SceneDelegate.swift */,
				E73DD13C24636FF100D77039 /* Assets.xcassets */,
				E73DD14124636FF100D77039 /* Info.plist */,
			);
			path = SceneDepthPointCloud;
			sourceTree = "<group>";
		};
/* End PBXGroup section */

/* Begin PBXNativeTarget section */
		E73DD12C24636FEF00D77039 /* SceneDepthPointCloud */ = {
			isa = PBXNativeTarget;
			buildConfigurationList = E73DD14524636FF100D77039 /* Build configuration list for PBXNativeTarget "SceneDepthPointCloud" */;
			buildPhases = (
				E73DD12924636FEF00D77039 /* Sources */,
				E73DD12A24636FEF00D77039 /* Frameworks */,
				E73DD12B24636FEF00D77039 /* Resources */,
			);
			buildRules = (
			);
			dependencies = (
			);
			name = SceneDepthPointCloud;
			packageProductDependencies = (
				8711C71329D131A200F6D5CC /* Alamofire */,
			);
			productName = SceneDepthDemo;
			productReference = E73DD12D24636FEF00D77039 /* Point Cloud.app */;
			productType = "com.apple.product-type.application";
		};
/* End PBXNativeTarget section */

/* Begin PBXProject section */
		E73DD12524636FEF00D77039 /* Project object */ = {
			isa = PBXProject;
			attributes = {
				LastSwiftUpdateCheck = 1140;
				LastUpgradeCheck = 1200;
				ORGANIZATIONNAME = Apple;
				TargetAttributes = {
					E73DD12C24636FEF00D77039 = {
						CreatedOnToolsVersion = 11.4;
					};
				};
			};
			buildConfigurationList = E73DD12824636FEF00D77039 /* Build configuration list for PBXProject "SceneDepthPointCloud" */;
			compatibilityVersion = "Xcode 9.3";
			developmentRegion = en;
			hasScannedForEncodings = 0;
			knownRegions = (
				en,
				Base,
			);
			mainGroup = E73DD12424636FEF00D77039;
			packageReferences = (
				8711C71229D131A200F6D5CC /* XCRemoteSwiftPackageReference "Alamofire" */,
			);
			productRefGroup = E73DD12E24636FEF00D77039 /* Products */;
			projectDirPath = "";
			projectRoot = "";
			targets = (
				E73DD12C24636FEF00D77039 /* SceneDepthPointCloud */,
			);
		};
/* End PBXProject section */

/* Begin PBXResourcesBuildPhase section */
		E73DD12B24636FEF00D77039 /* Resources */ = {
			isa = PBXResourcesBuildPhase;
			buildActionMask = 2147483647;
			files = (
				E73DD14024636FF100D77039 /* LaunchScreen.storyboard in Resources */,
				E73DD13D24636FF100D77039 /* Assets.xcassets in Resources */,
				E73DD13B24636FEF00D77039 /* Main.storyboard in Resources */,
			);
			runOnlyForDeploymentPostprocessing = 0;
		};
/* End PBXResourcesBuildPhase section */

/* Begin PBXSourcesBuildPhase section */
		E73DD12924636FEF00D77039 /* Sources */ = {
			isa = PBXSourcesBuildPhase;
			buildActionMask = 2147483647;
			files = (
				87ABC86429D1924900881FFB /* NetworkURL.swift in Sources */,
				87C8FB0329F1933B000C37CE /* SelectLocationDelegate.swift in Sources */,
				87FDBC1B29EE270A00D90D02 /* MainVM.swift in Sources */,
				87295CAC2A060D520067392D /* LidarInfoDTO.swift in Sources */,
				877F533F29F63E1F00A0F931 /* BuildingInfo.swift in Sources */,
				E73DD13324636FEF00D77039 /* Shaders.metal in Sources */,
				87295CAA2A03D5CD0067392D /* LidarInfoCollectionViewCell.swift in Sources */,
				87C8FB1129F23ADE000C37CE /* AddressFromGpsDTO.swift in Sources */,
				E7B7223D24809D1E002E43E8 /* Helpers.swift in Sources */,
				87AE167829F124EF00B101A6 /* LocationData.swift in Sources */,
				87ABC85B29D175A700881FFB /* Network.swift in Sources */,
				87295C992A038DD50067392D /* ScansVC.swift in Sources */,
				877F534529F643B600A0F931 /* BuildingRepository.swift in Sources */,
				87673BD829F8EC4800BD3DC3 /* IndoorData.swift in Sources */,
				87C8FB0D29F2382C000C37CE /* AddressRepositoryInterface.swift in Sources */,
				87295CA62A03C65E0067392D /* LidarRepository.swift in Sources */,
				87ABC86E29D3041100881FFB /* StatusIndicatorLabel.swift in Sources */,
				87FDBC1E29EEA53C00D90D02 /* LiDARData.swift in Sources */,
				87ABC85D29D176C700881FFB /* NetworkResult.swift in Sources */,
				87C8FB0529F22E1B000C37CE /* RoadAddressLabel.swift in Sources */,
				87C8FB0029F1911B000C37CE /* CancelButton.swift in Sources */,
				87C8FB1729F28F8A000C37CE /* SelectLocationLargeButton.swift in Sources */,
				877F534129F6400900A0F931 /* BuildingApiService.swift in Sources */,
				87ABC86729D1946400881FFB /* UIViewController+Extension.swift in Sources */,
				E7B7223B24807ACA002E43E8 /* MetalBuffer.swift in Sources */,
				872C7A9E29F1332B002D91D2 /* LocationUsecase.swift in Sources */,
				87C8FB1529F263C8000C37CE /* NetworkInterceptor.swift in Sources */,
				877F533B29F62E2300A0F931 /* BackButton.swift in Sources */,
				87295CA02A03AE8A0067392D /* LidarInfo.swift in Sources */,
				87295C942A0386B30067392D /* ScansButton.swift in Sources */,
				87C8FAFE29F18DB3000C37CE /* SelectLocationTitleLabel.swift in Sources */,
				87295C9E2A03ACF40067392D /* ScansVM.swift in Sources */,
				87ABC86229D178BD00881FFB /* LidarApiService.swift in Sources */,
				8749E16A29EEE2940093F7A7 /* PointCloudCountView.swift in Sources */,
				87C8FB0F29F238DA000C37CE /* AddressApiService.swift in Sources */,
				8793524F29B9D8F200D6A079 /* Utils.swift in Sources */,
				87295C9C2A03AA550067392D /* ReloadButton.swift in Sources */,
				87ABC86C29D290E900881FFB /* RecordingButton.swift in Sources */,
				87C8FB0A29F23717000C37CE /* AddressRepository.swift in Sources */,
				87673BD429F80E0500BD3DC3 /* IndoorSettingView.swift in Sources */,
				87C8FAFB29F1867E000C37CE /* SelectLocationVM.swift in Sources */,
				877F534329F642EC00A0F931 /* BuildingRepositoryInterface.swift in Sources */,
				E73DD13624636FEF00D77039 /* Renderer.swift in Sources */,
				877F533D29F6328D00A0F931 /* BuildingNearByGpsDTO.swift in Sources */,
				E73DD13824636FEF00D77039 /* MainVC.swift in Sources */,
				877F534D29F7C46600A0F931 /* Collection+Extension.swift in Sources */,
				87295C962A038BAD0067392D /* SceneDelegate.swift in Sources */,
				877F534B29F69D1600A0F931 /* UIView+Extension.swift in Sources */,
				87C8FAF929F171D1000C37CE /* SelectLocationVC.swift in Sources */,
				87ABC85F29D176F700881FFB /* NetworkStatus.swift in Sources */,
				877F534929F666AF00A0F931 /* BuildingListCollectionViewCell.swift in Sources */,
				E73DD13124636FEF00D77039 /* AppDelegate.swift in Sources */,
				87C8FB1329F24EDF000C37CE /* FetchError.swift in Sources */,
				87295CA42A03BC160067392D /* LidarRepositoryInterface.swift in Sources */,
				87673BD629F8BC8700BD3DC3 /* SettedInfoView.swift in Sources */,
			);
			runOnlyForDeploymentPostprocessing = 0;
		};
/* End PBXSourcesBuildPhase section */

/* Begin PBXVariantGroup section */
		E73DD13924636FEF00D77039 /* Main.storyboard */ = {
			isa = PBXVariantGroup;
			children = (
				E73DD13A24636FEF00D77039 /* Base */,
			);
			name = Main.storyboard;
			sourceTree = "<group>";
		};
		E73DD13E24636FF100D77039 /* LaunchScreen.storyboard */ = {
			isa = PBXVariantGroup;
			children = (
				E73DD13F24636FF100D77039 /* Base */,
			);
			name = LaunchScreen.storyboard;
			sourceTree = "<group>";
		};
/* End PBXVariantGroup section */

/* Begin XCBuildConfiguration section */
		E73DD14324636FF100D77039 /* Debug */ = {
			isa = XCBuildConfiguration;
			buildSettings = {
				ALWAYS_SEARCH_USER_PATHS = NO;
				CLANG_ANALYZER_NONNULL = YES;
				CLANG_ANALYZER_NUMBER_OBJECT_CONVERSION = YES_AGGRESSIVE;
				CLANG_CXX_LANGUAGE_STANDARD = "gnu++14";
				CLANG_CXX_LIBRARY = "libc++";
				CLANG_ENABLE_MODULES = YES;
				CLANG_ENABLE_OBJC_ARC = YES;
				CLANG_ENABLE_OBJC_WEAK = YES;
				CLANG_WARN_BLOCK_CAPTURE_AUTORELEASING = YES;
				CLANG_WARN_BOOL_CONVERSION = YES;
				CLANG_WARN_COMMA = YES;
				CLANG_WARN_CONSTANT_CONVERSION = YES;
				CLANG_WARN_DEPRECATED_OBJC_IMPLEMENTATIONS = YES;
				CLANG_WARN_DIRECT_OBJC_ISA_USAGE = YES_ERROR;
				CLANG_WARN_DOCUMENTATION_COMMENTS = YES;
				CLANG_WARN_EMPTY_BODY = YES;
				CLANG_WARN_ENUM_CONVERSION = YES;
				CLANG_WARN_INFINITE_RECURSION = YES;
				CLANG_WARN_INT_CONVERSION = YES;
				CLANG_WARN_NON_LITERAL_NULL_CONVERSION = YES;
				CLANG_WARN_OBJC_IMPLICIT_RETAIN_SELF = YES;
				CLANG_WARN_OBJC_LITERAL_CONVERSION = YES;
				CLANG_WARN_OBJC_ROOT_CLASS = YES_ERROR;
				CLANG_WARN_QUOTED_INCLUDE_IN_FRAMEWORK_HEADER = YES;
				CLANG_WARN_RANGE_LOOP_ANALYSIS = YES;
				CLANG_WARN_STRICT_PROTOTYPES = YES;
				CLANG_WARN_SUSPICIOUS_MOVE = YES;
				CLANG_WARN_UNGUARDED_AVAILABILITY = YES_AGGRESSIVE;
				CLANG_WARN_UNREACHABLE_CODE = YES;
				CLANG_WARN__DUPLICATE_METHOD_MATCH = YES;
				CODE_SIGN_STYLE = Automatic;
				COPY_PHASE_STRIP = NO;
				DEBUG_INFORMATION_FORMAT = dwarf;
				ENABLE_STRICT_OBJC_MSGSEND = YES;
				ENABLE_TESTABILITY = YES;
				GCC_C_LANGUAGE_STANDARD = gnu11;
				GCC_DYNAMIC_NO_PIC = NO;
				GCC_NO_COMMON_BLOCKS = YES;
				GCC_OPTIMIZATION_LEVEL = 0;
				GCC_PREPROCESSOR_DEFINITIONS = (
					"DEBUG=1",
					"$(inherited)",
				);
				GCC_WARN_64_TO_32_BIT_CONVERSION = YES;
				GCC_WARN_ABOUT_RETURN_TYPE = YES_ERROR;
				GCC_WARN_UNDECLARED_SELECTOR = YES;
				GCC_WARN_UNINITIALIZED_AUTOS = YES_AGGRESSIVE;
				GCC_WARN_UNUSED_FUNCTION = YES;
				GCC_WARN_UNUSED_VARIABLE = YES;
				IPHONEOS_DEPLOYMENT_TARGET = 14.0;
				MTL_ENABLE_DEBUG_INFO = INCLUDE_SOURCE;
				MTL_FAST_MATH = YES;
				ONLY_ACTIVE_ARCH = YES;
				SDKROOT = iphoneos.internal;
				SWIFT_ACTIVE_COMPILATION_CONDITIONS = DEBUG;
				SWIFT_OPTIMIZATION_LEVEL = "-Onone";
			};
			name = Debug;
		};
		E73DD14424636FF100D77039 /* Release */ = {
			isa = XCBuildConfiguration;
			buildSettings = {
				ALWAYS_SEARCH_USER_PATHS = NO;
				CLANG_ANALYZER_NONNULL = YES;
				CLANG_ANALYZER_NUMBER_OBJECT_CONVERSION = YES_AGGRESSIVE;
				CLANG_CXX_LANGUAGE_STANDARD = "gnu++14";
				CLANG_CXX_LIBRARY = "libc++";
				CLANG_ENABLE_MODULES = YES;
				CLANG_ENABLE_OBJC_ARC = YES;
				CLANG_ENABLE_OBJC_WEAK = YES;
				CLANG_WARN_BLOCK_CAPTURE_AUTORELEASING = YES;
				CLANG_WARN_BOOL_CONVERSION = YES;
				CLANG_WARN_COMMA = YES;
				CLANG_WARN_CONSTANT_CONVERSION = YES;
				CLANG_WARN_DEPRECATED_OBJC_IMPLEMENTATIONS = YES;
				CLANG_WARN_DIRECT_OBJC_ISA_USAGE = YES_ERROR;
				CLANG_WARN_DOCUMENTATION_COMMENTS = YES;
				CLANG_WARN_EMPTY_BODY = YES;
				CLANG_WARN_ENUM_CONVERSION = YES;
				CLANG_WARN_INFINITE_RECURSION = YES;
				CLANG_WARN_INT_CONVERSION = YES;
				CLANG_WARN_NON_LITERAL_NULL_CONVERSION = YES;
				CLANG_WARN_OBJC_IMPLICIT_RETAIN_SELF = YES;
				CLANG_WARN_OBJC_LITERAL_CONVERSION = YES;
				CLANG_WARN_OBJC_ROOT_CLASS = YES_ERROR;
				CLANG_WARN_QUOTED_INCLUDE_IN_FRAMEWORK_HEADER = YES;
				CLANG_WARN_RANGE_LOOP_ANALYSIS = YES;
				CLANG_WARN_STRICT_PROTOTYPES = YES;
				CLANG_WARN_SUSPICIOUS_MOVE = YES;
				CLANG_WARN_UNGUARDED_AVAILABILITY = YES_AGGRESSIVE;
				CLANG_WARN_UNREACHABLE_CODE = YES;
				CLANG_WARN__DUPLICATE_METHOD_MATCH = YES;
				CODE_SIGN_STYLE = Automatic;
				COPY_PHASE_STRIP = NO;
				DEBUG_INFORMATION_FORMAT = "dwarf-with-dsym";
				ENABLE_NS_ASSERTIONS = NO;
				ENABLE_STRICT_OBJC_MSGSEND = YES;
				GCC_C_LANGUAGE_STANDARD = gnu11;
				GCC_NO_COMMON_BLOCKS = YES;
				GCC_WARN_64_TO_32_BIT_CONVERSION = YES;
				GCC_WARN_ABOUT_RETURN_TYPE = YES_ERROR;
				GCC_WARN_UNDECLARED_SELECTOR = YES;
				GCC_WARN_UNINITIALIZED_AUTOS = YES_AGGRESSIVE;
				GCC_WARN_UNUSED_FUNCTION = YES;
				GCC_WARN_UNUSED_VARIABLE = YES;
				IPHONEOS_DEPLOYMENT_TARGET = 14.0;
				MTL_ENABLE_DEBUG_INFO = NO;
				MTL_FAST_MATH = YES;
				SDKROOT = iphoneos.internal;
				SWIFT_COMPILATION_MODE = wholemodule;
				SWIFT_OPTIMIZATION_LEVEL = "-O";
				VALIDATE_PRODUCT = YES;
			};
			name = Release;
		};
		E73DD14624636FF100D77039 /* Debug */ = {
			isa = XCBuildConfiguration;
			baseConfigurationReference = 87ABC85929D173BC00881FFB /* env.xcconfig */;
			buildSettings = {
				ASSETCATALOG_COMPILER_APPICON_NAME = AppIcon;
				CODE_SIGN_ENTITLEMENTS = "";
				CODE_SIGN_IDENTITY = "iPhone Developer";
				CODE_SIGN_STYLE = Automatic;
				CURRENT_PROJECT_VERSION = 14;
				DEVELOPMENT_TEAM = 2C96RNDN63;
				INFOPLIST_FILE = SceneDepthPointCloud/Info.plist;
				INFOPLIST_KEY_CFBundleDisplayName = "Point Cloud";
				IPHONEOS_DEPLOYMENT_TARGET = 15.4;
				LD_RUNPATH_SEARCH_PATHS = (
					"$(inherited)",
					"@executable_path/Frameworks",
				);
				MARKETING_VERSION = 1.0;
				PRODUCT_BUNDLE_IDENTIFIER = com.FDEE.SceneDepthPointCloud;
				PRODUCT_NAME = "Point Cloud";
				PROVISIONING_PROFILE_SPECIFIER = "";
				SDKROOT = iphoneos;
				SWIFT_OBJC_BRIDGING_HEADER = "SceneDepthPointCloud/Configuration/SceneDepthPointCloud-Bridging-Header.h";
				SWIFT_VERSION = 5.0;
				TARGETED_DEVICE_FAMILY = "1,2";
			};
			name = Debug;
		};
		E73DD14724636FF100D77039 /* Release */ = {
			isa = XCBuildConfiguration;
			baseConfigurationReference = 87ABC85929D173BC00881FFB /* env.xcconfig */;
			buildSettings = {
				ASSETCATALOG_COMPILER_APPICON_NAME = AppIcon;
				CODE_SIGN_ENTITLEMENTS = "";
				CODE_SIGN_IDENTITY = "iPhone Developer";
				CODE_SIGN_STYLE = Automatic;
				CURRENT_PROJECT_VERSION = 14;
				DEVELOPMENT_TEAM = 2C96RNDN63;
				INFOPLIST_FILE = SceneDepthPointCloud/Info.plist;
				INFOPLIST_KEY_CFBundleDisplayName = "Point Cloud";
				IPHONEOS_DEPLOYMENT_TARGET = 15.4;
				LD_RUNPATH_SEARCH_PATHS = (
					"$(inherited)",
					"@executable_path/Frameworks",
				);
				MARKETING_VERSION = 1.0;
				PRODUCT_BUNDLE_IDENTIFIER = com.FDEE.SceneDepthPointCloud;
				PRODUCT_NAME = "Point Cloud";
				PROVISIONING_PROFILE_SPECIFIER = "";
				SDKROOT = iphoneos;
				SWIFT_OBJC_BRIDGING_HEADER = "SceneDepthPointCloud/Configuration/SceneDepthPointCloud-Bridging-Header.h";
				SWIFT_VERSION = 5.0;
				TARGETED_DEVICE_FAMILY = "1,2";
			};
			name = Release;
		};
/* End XCBuildConfiguration section */

/* Begin XCConfigurationList section */
		E73DD12824636FEF00D77039 /* Build configuration list for PBXProject "SceneDepthPointCloud" */ = {
			isa = XCConfigurationList;
			buildConfigurations = (
				E73DD14324636FF100D77039 /* Debug */,
				E73DD14424636FF100D77039 /* Release */,
			);
			defaultConfigurationIsVisible = 0;
			defaultConfigurationName = Release;
		};
		E73DD14524636FF100D77039 /* Build configuration list for PBXNativeTarget "SceneDepthPointCloud" */ = {
			isa = XCConfigurationList;
			buildConfigurations = (
				E73DD14624636FF100D77039 /* Debug */,
				E73DD14724636FF100D77039 /* Release */,
			);
			defaultConfigurationIsVisible = 0;
			defaultConfigurationName = Release;
		};
/* End XCConfigurationList section */

/* Begin XCRemoteSwiftPackageReference section */
		8711C71229D131A200F6D5CC /* XCRemoteSwiftPackageReference "Alamofire" */ = {
			isa = XCRemoteSwiftPackageReference;
			repositoryURL = "https://github.com/Alamofire/Alamofire";
			requirement = {
				kind = upToNextMajorVersion;
				minimumVersion = 5.0.0;
			};
		};
/* End XCRemoteSwiftPackageReference section */

/* Begin XCSwiftPackageProductDependency section */
		8711C71329D131A200F6D5CC /* Alamofire */ = {
			isa = XCSwiftPackageProductDependency;
			package = 8711C71229D131A200F6D5CC /* XCRemoteSwiftPackageReference "Alamofire" */;
			productName = Alamofire;
		};
/* End XCSwiftPackageProductDependency section */
	};
	rootObject = E73DD12524636FEF00D77039 /* Project object */;
}
